
Microsoft Visual Studio Solution File, Format Version 12.00
# Visual Studio Version 17
VisualStudioVersion = 17.3.32929.385
MinimumVisualStudioVersion = 10.0.40219.1
Project("{FAE04EC0-301F-11D3-BF4B-00C04F79EFBC}") = "ProJ_Chuong9", "ProJ_Chuong9\ProJ_Chuong9.csproj", "{03E2A5D5-5763-4D2E-AA4F-1AA8CFA44F02}"
EndProject
Global
	GlobalSection(SolutionConfigurationPlatforms) = preSolution
		Debug|Any CPU = Debug|Any CPU
		Release|Any CPU = Release|Any CPU
	EndGlobalSection
	GlobalSection(ProjectConfigurationPlatforms) = postSolution
		{03E2A5D5-5763-4D2E-AA4F-1AA8CFA44F02}.Debug|Any CPU.ActiveCfg = Debug|Any CPU
		{03E2A5D5-5763-4D2E-AA4F-1AA8CFA44F02}.Debug|Any CPU.Build.0 = Debug|Any CPU
		{03E2A5D5-5763-4D2E-AA4F-1AA8CFA44F02}.Release|Any CPU.ActiveCfg = Release|Any CPU
		{03E2A5D5-5763-4D2E-AA4F-1AA8CFA44F02}.Release|Any CPU.Build.0 = Release|Any CPU
	EndGlobalSection
	GlobalSection(SolutionProperties) = preSolution
		HideSolutionNode = FALSE
	EndGlobalSection
	GlobalSection(ExtensibilityGlobals) = postSolution
		SolutionGuid = {D11D7CF4-95D8-4498-B8E1-1C8233D6DBC9}
	EndGlobalSection
EndGlobal
